
Microsoft Visual Studio Solution File, Format Version 12.00
# Visual Studio 15
VisualStudioVersion = 15.0.27004.2009
MinimumVisualStudioVersion = 10.0.40219.1
Project("{FAE04EC0-301F-11D3-BF4B-00C04F79EFBC}") = "FaceKirby", "FaceKirby\FaceKirby.csproj", "{3C1BAE30-B7FE-4E3C-A51F-B375B2C00DCB}"
EndProject
Global
	GlobalSection(SolutionConfigurationPlatforms) = preSolution
		Debug|Any CPU = Debug|Any CPU
		Release|Any CPU = Release|Any CPU
	EndGlobalSection
	GlobalSection(ProjectConfigurationPlatforms) = postSolution
		{3C1BAE30-B7FE-4E3C-A51F-B375B2C00DCB}.Debug|Any CPU.ActiveCfg = Debug|Any CPU
		{3C1BAE30-B7FE-4E3C-A51F-B375B2C00DCB}.Debug|Any CPU.Build.0 = Debug|Any CPU
		{3C1BAE30-B7FE-4E3C-A51F-B375B2C00DCB}.Release|Any CPU.ActiveCfg = Release|Any CPU
		{3C1BAE30-B7FE-4E3C-A51F-B375B2C00DCB}.Release|Any CPU.Build.0 = Release|Any CPU
	EndGlobalSection
	GlobalSection(SolutionProperties) = preSolution
		HideSolutionNode = FALSE
	EndGlobalSection
	GlobalSection(ExtensibilityGlobals) = postSolution
		SolutionGuid = {A67899D2-2000-4897-AA07-444936C93919}
	EndGlobalSection
EndGlobal
